
Microsoft Visual Studio Solution File, Format Version 11.00
# Visual Studio 2010
Project("{FAE04EC0-301F-11D3-BF4B-00C04F79EFBC}") = "HackerPhotography", "HackerPhotography\HackerPhotography.csproj", "{AC68FC0F-564D-455B-9806-B612F7AB2353}"
EndProject
Project("{FAE04EC0-301F-11D3-BF4B-00C04F79EFBC}") = "HackerPhotography.Tests", "HackerPhotography.Tests\HackerPhotography.Tests.csproj", "{DD3C4A09-2CAB-4681-A1C2-FEC85A5BA988}"
EndProject
Global
	GlobalSection(SolutionConfigurationPlatforms) = preSolution
		Debug|Any CPU = Debug|Any CPU
		Release|Any CPU = Release|Any CPU
	EndGlobalSection
	GlobalSection(ProjectConfigurationPlatforms) = postSolution
		{AC68FC0F-564D-455B-9806-B612F7AB2353}.Debug|Any CPU.ActiveCfg = Debug|Any CPU
		{AC68FC0F-564D-455B-9806-B612F7AB2353}.Debug|Any CPU.Build.0 = Debug|Any CPU
		{AC68FC0F-564D-455B-9806-B612F7AB2353}.Release|Any CPU.ActiveCfg = Release|Any CPU
		{AC68FC0F-564D-455B-9806-B612F7AB2353}.Release|Any CPU.Build.0 = Release|Any CPU
		{DD3C4A09-2CAB-4681-A1C2-FEC85A5BA988}.Debug|Any CPU.ActiveCfg = Debug|Any CPU
		{DD3C4A09-2CAB-4681-A1C2-FEC85A5BA988}.Debug|Any CPU.Build.0 = Debug|Any CPU
		{DD3C4A09-2CAB-4681-A1C2-FEC85A5BA988}.Release|Any CPU.ActiveCfg = Release|Any CPU
		{DD3C4A09-2CAB-4681-A1C2-FEC85A5BA988}.Release|Any CPU.Build.0 = Release|Any CPU
	EndGlobalSection
	GlobalSection(SolutionProperties) = preSolution
		HideSolutionNode = FALSE
	EndGlobalSection
EndGlobal
